
Microsoft Visual Studio Solution File, Format Version 12.00
# Visual Studio Version 17
VisualStudioVersion = 17.12.35707.178
MinimumVisualStudioVersion = 10.0.40219.1
Project("{2150E333-8FDC-42A3-9474-1A3956D46DE8}") = "2", "2", "{7133C3C8-7CD8-44E5-AD77-FEA92E46AB34}"
	ProjectSection(SolutionItems) = preProject
		Readme.md = Readme.md
		Markdown\Readme.txt = Markdown\Readme.txt
		Markdown\Readme_Security.txt = Markdown\Readme_Security.txt
	EndProjectSection
EndProject
Project("{8BC9CEB8-8B4A-11D0-8D11-00A0C91BC942}") = "Best_Practices", "Clean_Performant_Code\BestPractices\BestPractices.vcxproj", "{4D448ADE-1218-4583-AECE-DBF2BD0E95CF}"
EndProject
Project("{8BC9CEB8-8B4A-11D0-8D11-00A0C91BC942}") = "Compile_Time_Programming", "Clean_Performant_Code\CompileTimeProgramming\CompileTimeProgramming.vcxproj", "{CCD18941-2C50-44FA-89A8-FCA42F78CDAC}"
EndProject
Project("{8BC9CEB8-8B4A-11D0-8D11-00A0C91BC942}") = "Benchmarking", "Clean_Performant_Code\Benchmarking\Benchmarking.vcxproj", "{F1A9AB12-DA60-49EA-B326-89B7AA640D82}"
EndProject
Project("{8BC9CEB8-8B4A-11D0-8D11-00A0C91BC942}") = "Data_Structures_and_Algorithms", "Clean_Performant_Code\Data_Structures_and_Algorithms\Data_Structures_and_Algorithms.vcxproj", "{D6F9F1A6-1ED7-4104-8864-62D832FC0188}"
EndProject
Project("{8BC9CEB8-8B4A-11D0-8D11-00A0C91BC942}") = "Memory_Management", "Clean_Performant_Code\Memory_Management\MemoryManagement.vcxproj", "{FF25EF19-AABC-41AD-9C04-D44E22AAB81A}"
EndProject
Project("{8BC9CEB8-8B4A-11D0-8D11-00A0C91BC942}") = "Essential_Utilities", "Clean_Performant_Code\Essential Utilities\Essential Utilities.vcxproj", "{3A635FE3-4DF5-4DD6-9CDE-90FD080E3C0C}"
EndProject
Project("{8BC9CEB8-8B4A-11D0-8D11-00A0C91BC942}") = "Ranges", "Clean_Performant_Code\Ranges\Ranges.vcxproj", "{77E3F2A5-8576-46A0-AF24-0AD0E1B38A6D}"
EndProject
Project("{8BC9CEB8-8B4A-11D0-8D11-00A0C91BC942}") = "Guidelines", "Clean_Performant_Code\Guidelines\Guidelines.vcxproj", "{7A337D9C-2A2E-4B03-A7BA-92AD759FC5C9}"
EndProject
Project("{8BC9CEB8-8B4A-11D0-8D11-00A0C91BC942}") = "SafeInt", "Clean_Performant_Code\SafeInt\SafeInt.vcxproj", "{9432ADFA-7DA0-45A7-AFED-52B09AD27185}"
EndProject
Project("{8BC9CEB8-8B4A-11D0-8D11-00A0C91BC942}") = "Secure_Programming", "Clean_Performant_Code\Secure_Programming\Secure_Programming.vcxproj", "{EEAF9320-501E-44E1-93C1-638D3808DECE}"
EndProject
Project("{8BC9CEB8-8B4A-11D0-8D11-00A0C91BC942}") = "BigInt", "Clean_Performant_Code\BigInt\BigInt.vcxproj", "{CDFFC9AB-FA4D-4F1D-B7DA-66112D5574ED}"
EndProject
Project("{8BC9CEB8-8B4A-11D0-8D11-00A0C91BC942}") = "Clean_Code", "Clean_Performant_Code\Clean_Code\Clean_Code.vcxproj", "{FB220433-4847-462A-849D-8675B2231332}"
EndProject
Project("{8BC9CEB8-8B4A-11D0-8D11-00A0C91BC942}") = "Performance_Optimization", "Clean_Performant_Code\Performance_Optimization\Performance_Optimization.vcxproj", "{FC8126E0-F7F2-4DF2-9CAA-14A3E1E2AC8A}"
EndProject
Project("{2150E333-8FDC-42A3-9474-1A3956D46DE8}") = "Logger", "Logger", "{02EA681E-C7D8-13C7-8484-4AC65E1B71E8}"
	ProjectSection(SolutionItems) = preProject
		Clean_Performant_Code\LoggerUtility\Logger.cpp = Clean_Performant_Code\LoggerUtility\Logger.cpp
		Clean_Performant_Code\LoggerUtility\Logger.h = Clean_Performant_Code\LoggerUtility\Logger.h
		Clean_Performant_Code\LoggerUtility\ScopedTimer.h = Clean_Performant_Code\LoggerUtility\ScopedTimer.h
	EndProjectSection
EndProject
Project("{8BC9CEB8-8B4A-11D0-8D11-00A0C91BC942}") = "Clean_Code_Principles", "Clean_Performant_Code\Clean_Code_Principles\Principles.vcxproj", "{22B75F38-78EF-476D-A354-E8258435B553}"
EndProject
Global
	GlobalSection(SolutionConfigurationPlatforms) = preSolution
		Debug|x64 = Debug|x64
		Debug|x86 = Debug|x86
		Release|x64 = Release|x64
		Release|x86 = Release|x86
	EndGlobalSection
	GlobalSection(ProjectConfigurationPlatforms) = postSolution
		{4D448ADE-1218-4583-AECE-DBF2BD0E95CF}.Debug|x64.ActiveCfg = Debug|x64
		{4D448ADE-1218-4583-AECE-DBF2BD0E95CF}.Debug|x64.Build.0 = Debug|x64
		{4D448ADE-1218-4583-AECE-DBF2BD0E95CF}.Debug|x86.ActiveCfg = Debug|Win32
		{4D448ADE-1218-4583-AECE-DBF2BD0E95CF}.Debug|x86.Build.0 = Debug|Win32
		{4D448ADE-1218-4583-AECE-DBF2BD0E95CF}.Release|x64.ActiveCfg = Release|x64
		{4D448ADE-1218-4583-AECE-DBF2BD0E95CF}.Release|x64.Build.0 = Release|x64
		{4D448ADE-1218-4583-AECE-DBF2BD0E95CF}.Release|x86.ActiveCfg = Release|Win32
		{4D448ADE-1218-4583-AECE-DBF2BD0E95CF}.Release|x86.Build.0 = Release|Win32
		{CCD18941-2C50-44FA-89A8-FCA42F78CDAC}.Debug|x64.ActiveCfg = Debug|x64
		{CCD18941-2C50-44FA-89A8-FCA42F78CDAC}.Debug|x64.Build.0 = Debug|x64
		{CCD18941-2C50-44FA-89A8-FCA42F78CDAC}.Debug|x86.ActiveCfg = Debug|Win32
		{CCD18941-2C50-44FA-89A8-FCA42F78CDAC}.Debug|x86.Build.0 = Debug|Win32
		{CCD18941-2C50-44FA-89A8-FCA42F78CDAC}.Release|x64.ActiveCfg = Release|x64
		{CCD18941-2C50-44FA-89A8-FCA42F78CDAC}.Release|x64.Build.0 = Release|x64
		{CCD18941-2C50-44FA-89A8-FCA42F78CDAC}.Release|x86.ActiveCfg = Release|Win32
		{CCD18941-2C50-44FA-89A8-FCA42F78CDAC}.Release|x86.Build.0 = Release|Win32
		{F1A9AB12-DA60-49EA-B326-89B7AA640D82}.Debug|x64.ActiveCfg = Debug|x64
		{F1A9AB12-DA60-49EA-B326-89B7AA640D82}.Debug|x64.Build.0 = Debug|x64
		{F1A9AB12-DA60-49EA-B326-89B7AA640D82}.Debug|x86.ActiveCfg = Debug|Win32
		{F1A9AB12-DA60-49EA-B326-89B7AA640D82}.Debug|x86.Build.0 = Debug|Win32
		{F1A9AB12-DA60-49EA-B326-89B7AA640D82}.Release|x64.ActiveCfg = Release|x64
		{F1A9AB12-DA60-49EA-B326-89B7AA640D82}.Release|x64.Build.0 = Release|x64
		{F1A9AB12-DA60-49EA-B326-89B7AA640D82}.Release|x86.ActiveCfg = Release|Win32
		{F1A9AB12-DA60-49EA-B326-89B7AA640D82}.Release|x86.Build.0 = Release|Win32
		{D6F9F1A6-1ED7-4104-8864-62D832FC0188}.Debug|x64.ActiveCfg = Debug|x64
		{D6F9F1A6-1ED7-4104-8864-62D832FC0188}.Debug|x64.Build.0 = Debug|x64
		{D6F9F1A6-1ED7-4104-8864-62D832FC0188}.Debug|x86.ActiveCfg = Debug|Win32
		{D6F9F1A6-1ED7-4104-8864-62D832FC0188}.Debug|x86.Build.0 = Debug|Win32
		{D6F9F1A6-1ED7-4104-8864-62D832FC0188}.Release|x64.ActiveCfg = Release|x64
		{D6F9F1A6-1ED7-4104-8864-62D832FC0188}.Release|x64.Build.0 = Release|x64
		{D6F9F1A6-1ED7-4104-8864-62D832FC0188}.Release|x86.ActiveCfg = Release|Win32
		{D6F9F1A6-1ED7-4104-8864-62D832FC0188}.Release|x86.Build.0 = Release|Win32
		{FF25EF19-AABC-41AD-9C04-D44E22AAB81A}.Debug|x64.ActiveCfg = Debug|x64
		{FF25EF19-AABC-41AD-9C04-D44E22AAB81A}.Debug|x64.Build.0 = Debug|x64
		{FF25EF19-AABC-41AD-9C04-D44E22AAB81A}.Debug|x86.ActiveCfg = Debug|Win32
		{FF25EF19-AABC-41AD-9C04-D44E22AAB81A}.Debug|x86.Build.0 = Debug|Win32
		{FF25EF19-AABC-41AD-9C04-D44E22AAB81A}.Release|x64.ActiveCfg = Release|x64
		{FF25EF19-AABC-41AD-9C04-D44E22AAB81A}.Release|x64.Build.0 = Release|x64
		{FF25EF19-AABC-41AD-9C04-D44E22AAB81A}.Release|x86.ActiveCfg = Release|Win32
		{FF25EF19-AABC-41AD-9C04-D44E22AAB81A}.Release|x86.Build.0 = Release|Win32
		{3A635FE3-4DF5-4DD6-9CDE-90FD080E3C0C}.Debug|x64.ActiveCfg = Debug|x64
		{3A635FE3-4DF5-4DD6-9CDE-90FD080E3C0C}.Debug|x64.Build.0 = Debug|x64
		{3A635FE3-4DF5-4DD6-9CDE-90FD080E3C0C}.Debug|x86.ActiveCfg = Debug|Win32
		{3A635FE3-4DF5-4DD6-9CDE-90FD080E3C0C}.Debug|x86.Build.0 = Debug|Win32
		{3A635FE3-4DF5-4DD6-9CDE-90FD080E3C0C}.Release|x64.ActiveCfg = Release|x64
		{3A635FE3-4DF5-4DD6-9CDE-90FD080E3C0C}.Release|x64.Build.0 = Release|x64
		{3A635FE3-4DF5-4DD6-9CDE-90FD080E3C0C}.Release|x86.ActiveCfg = Release|Win32
		{3A635FE3-4DF5-4DD6-9CDE-90FD080E3C0C}.Release|x86.Build.0 = Release|Win32
		{77E3F2A5-8576-46A0-AF24-0AD0E1B38A6D}.Debug|x64.ActiveCfg = Debug|x64
		{77E3F2A5-8576-46A0-AF24-0AD0E1B38A6D}.Debug|x64.Build.0 = Debug|x64
		{77E3F2A5-8576-46A0-AF24-0AD0E1B38A6D}.Debug|x86.ActiveCfg = Debug|Win32
		{77E3F2A5-8576-46A0-AF24-0AD0E1B38A6D}.Debug|x86.Build.0 = Debug|Win32
		{77E3F2A5-8576-46A0-AF24-0AD0E1B38A6D}.Release|x64.ActiveCfg = Release|x64
		{77E3F2A5-8576-46A0-AF24-0AD0E1B38A6D}.Release|x64.Build.0 = Release|x64
		{77E3F2A5-8576-46A0-AF24-0AD0E1B38A6D}.Release|x86.ActiveCfg = Release|Win32
		{77E3F2A5-8576-46A0-AF24-0AD0E1B38A6D}.Release|x86.Build.0 = Release|Win32
		{7A337D9C-2A2E-4B03-A7BA-92AD759FC5C9}.Debug|x64.ActiveCfg = Debug|x64
		{7A337D9C-2A2E-4B03-A7BA-92AD759FC5C9}.Debug|x64.Build.0 = Debug|x64
		{7A337D9C-2A2E-4B03-A7BA-92AD759FC5C9}.Debug|x86.ActiveCfg = Debug|Win32
		{7A337D9C-2A2E-4B03-A7BA-92AD759FC5C9}.Debug|x86.Build.0 = Debug|Win32
		{7A337D9C-2A2E-4B03-A7BA-92AD759FC5C9}.Release|x64.ActiveCfg = Release|x64
		{7A337D9C-2A2E-4B03-A7BA-92AD759FC5C9}.Release|x64.Build.0 = Release|x64
		{7A337D9C-2A2E-4B03-A7BA-92AD759FC5C9}.Release|x86.ActiveCfg = Release|Win32
		{7A337D9C-2A2E-4B03-A7BA-92AD759FC5C9}.Release|x86.Build.0 = Release|Win32
		{9432ADFA-7DA0-45A7-AFED-52B09AD27185}.Debug|x64.ActiveCfg = Debug|x64
		{9432ADFA-7DA0-45A7-AFED-52B09AD27185}.Debug|x64.Build.0 = Debug|x64
		{9432ADFA-7DA0-45A7-AFED-52B09AD27185}.Debug|x86.ActiveCfg = Debug|Win32
		{9432ADFA-7DA0-45A7-AFED-52B09AD27185}.Debug|x86.Build.0 = Debug|Win32
		{9432ADFA-7DA0-45A7-AFED-52B09AD27185}.Release|x64.ActiveCfg = Release|x64
		{9432ADFA-7DA0-45A7-AFED-52B09AD27185}.Release|x64.Build.0 = Release|x64
		{9432ADFA-7DA0-45A7-AFED-52B09AD27185}.Release|x86.ActiveCfg = Release|Win32
		{9432ADFA-7DA0-45A7-AFED-52B09AD27185}.Release|x86.Build.0 = Release|Win32
		{EEAF9320-501E-44E1-93C1-638D3808DECE}.Debug|x64.ActiveCfg = Debug|x64
		{EEAF9320-501E-44E1-93C1-638D3808DECE}.Debug|x64.Build.0 = Debug|x64
		{EEAF9320-501E-44E1-93C1-638D3808DECE}.Debug|x86.ActiveCfg = Debug|Win32
		{EEAF9320-501E-44E1-93C1-638D3808DECE}.Debug|x86.Build.0 = Debug|Win32
		{EEAF9320-501E-44E1-93C1-638D3808DECE}.Release|x64.ActiveCfg = Release|x64
		{EEAF9320-501E-44E1-93C1-638D3808DECE}.Release|x64.Build.0 = Release|x64
		{EEAF9320-501E-44E1-93C1-638D3808DECE}.Release|x86.ActiveCfg = Release|Win32
		{EEAF9320-501E-44E1-93C1-638D3808DECE}.Release|x86.Build.0 = Release|Win32
		{CDFFC9AB-FA4D-4F1D-B7DA-66112D5574ED}.Debug|x64.ActiveCfg = Debug|x64
		{CDFFC9AB-FA4D-4F1D-B7DA-66112D5574ED}.Debug|x64.Build.0 = Debug|x64
		{CDFFC9AB-FA4D-4F1D-B7DA-66112D5574ED}.Debug|x86.ActiveCfg = Debug|Win32
		{CDFFC9AB-FA4D-4F1D-B7DA-66112D5574ED}.Debug|x86.Build.0 = Debug|Win32
		{CDFFC9AB-FA4D-4F1D-B7DA-66112D5574ED}.Release|x64.ActiveCfg = Release|x64
		{CDFFC9AB-FA4D-4F1D-B7DA-66112D5574ED}.Release|x64.Build.0 = Release|x64
		{CDFFC9AB-FA4D-4F1D-B7DA-66112D5574ED}.Release|x86.ActiveCfg = Release|Win32
		{CDFFC9AB-FA4D-4F1D-B7DA-66112D5574ED}.Release|x86.Build.0 = Release|Win32
		{FB220433-4847-462A-849D-8675B2231332}.Debug|x64.ActiveCfg = Debug|x64
		{FB220433-4847-462A-849D-8675B2231332}.Debug|x64.Build.0 = Debug|x64
		{FB220433-4847-462A-849D-8675B2231332}.Debug|x86.ActiveCfg = Debug|Win32
		{FB220433-4847-462A-849D-8675B2231332}.Debug|x86.Build.0 = Debug|Win32
		{FB220433-4847-462A-849D-8675B2231332}.Release|x64.ActiveCfg = Release|x64
		{FB220433-4847-462A-849D-8675B2231332}.Release|x64.Build.0 = Release|x64
		{FB220433-4847-462A-849D-8675B2231332}.Release|x86.ActiveCfg = Release|Win32
		{FB220433-4847-462A-849D-8675B2231332}.Release|x86.Build.0 = Release|Win32
		{FC8126E0-F7F2-4DF2-9CAA-14A3E1E2AC8A}.Debug|x64.ActiveCfg = Debug|x64
		{FC8126E0-F7F2-4DF2-9CAA-14A3E1E2AC8A}.Debug|x64.Build.0 = Debug|x64
		{FC8126E0-F7F2-4DF2-9CAA-14A3E1E2AC8A}.Debug|x86.ActiveCfg = Debug|Win32
		{FC8126E0-F7F2-4DF2-9CAA-14A3E1E2AC8A}.Debug|x86.Build.0 = Debug|Win32
		{FC8126E0-F7F2-4DF2-9CAA-14A3E1E2AC8A}.Release|x64.ActiveCfg = Release|x64
		{FC8126E0-F7F2-4DF2-9CAA-14A3E1E2AC8A}.Release|x64.Build.0 = Release|x64
		{FC8126E0-F7F2-4DF2-9CAA-14A3E1E2AC8A}.Release|x86.ActiveCfg = Release|Win32
		{FC8126E0-F7F2-4DF2-9CAA-14A3E1E2AC8A}.Release|x86.Build.0 = Release|Win32
		{22B75F38-78EF-476D-A354-E8258435B553}.Debug|x64.ActiveCfg = Debug|x64
		{22B75F38-78EF-476D-A354-E8258435B553}.Debug|x64.Build.0 = Debug|x64
		{22B75F38-78EF-476D-A354-E8258435B553}.Debug|x86.ActiveCfg = Debug|Win32
		{22B75F38-78EF-476D-A354-E8258435B553}.Debug|x86.Build.0 = Debug|Win32
		{22B75F38-78EF-476D-A354-E8258435B553}.Release|x64.ActiveCfg = Release|x64
		{22B75F38-78EF-476D-A354-E8258435B553}.Release|x64.Build.0 = Release|x64
		{22B75F38-78EF-476D-A354-E8258435B553}.Release|x86.ActiveCfg = Release|Win32
		{22B75F38-78EF-476D-A354-E8258435B553}.Release|x86.Build.0 = Release|Win32
	EndGlobalSection
	GlobalSection(SolutionProperties) = preSolution
		HideSolutionNode = FALSE
	EndGlobalSection
	GlobalSection(ExtensibilityGlobals) = postSolution
		SolutionGuid = {D39D2364-DA73-403D-88AE-16B324C778E8}
	EndGlobalSection
EndGlobal
