
Microsoft Visual Studio Solution File, Format Version 12.00
# Visual Studio Version 17
VisualStudioVersion = 17.12.35707.178
MinimumVisualStudioVersion = 10.0.40219.1
Project("{2150E333-8FDC-42A3-9474-1A3956D46DE8}") = "Solution Items", "Solution Items", "{7133C3C8-7CD8-44E5-AD77-FEA92E46AB34}"
	ProjectSection(SolutionItems) = preProject
		Buch_Andrist_Sehr_High Performance_Cpp.png = Buch_Andrist_Sehr_High Performance_Cpp.png
		Buch_Nicolai_Josuttis_Cpp_Move_Semantics.png = Buch_Nicolai_Josuttis_Cpp_Move_Semantics.png
		Buch_Stephan_Roth_Clean_Cpp_20.png = Buch_Stephan_Roth_Clean_Cpp_20.png
		Literature.md = Literature.md
		Readme.md = Readme.md
		Readme.txt = Readme.txt
		Readme_Clean_Performant_Code.md = Readme_Clean_Performant_Code.md
		Readme_Performance_Optimization.md = Readme_Performance_Optimization.md
	EndProjectSection
EndProject
Project("{8BC9CEB8-8B4A-11D0-8D11-00A0C91BC942}") = "Best_Practices", "Clean_Performant_Code\BestPractices\BestPractices.vcxproj", "{4D448ADE-1218-4583-AECE-DBF2BD0E95CF}"
EndProject
Project("{8BC9CEB8-8B4A-11D0-8D11-00A0C91BC942}") = "Compile_Time_Programming", "Clean_Performant_Code\CompileTimeProgramming\CompileTimeProgramming.vcxproj", "{CCD18941-2C50-44FA-89A8-FCA42F78CDAC}"
EndProject
Project("{8BC9CEB8-8B4A-11D0-8D11-00A0C91BC942}") = "Benchmarking", "Clean_Performant_Code\Benchmarking\Benchmarking.vcxproj", "{F1A9AB12-DA60-49EA-B326-89B7AA640D82}"
EndProject
Project("{8BC9CEB8-8B4A-11D0-8D11-00A0C91BC942}") = "Data_Structures_and_Algorithms", "Clean_Performant_Code\Data_Structures_and_Algorithms\Data_Structures_and_Algorithms.vcxproj", "{D6F9F1A6-1ED7-4104-8864-62D832FC0188}"
EndProject
Project("{8BC9CEB8-8B4A-11D0-8D11-00A0C91BC942}") = "Memory_Management", "Clean_Performant_Code\Memory_Management\MemoryManagement.vcxproj", "{FF25EF19-AABC-41AD-9C04-D44E22AAB81A}"
EndProject
Project("{8BC9CEB8-8B4A-11D0-8D11-00A0C91BC942}") = "Essential_Utilities", "Clean_Performant_Code\Essential Utilities\Essential Utilities.vcxproj", "{3A635FE3-4DF5-4DD6-9CDE-90FD080E3C0C}"
EndProject
Project("{8BC9CEB8-8B4A-11D0-8D11-00A0C91BC942}") = "Ranges", "Clean_Performant_Code\Ranges\Ranges.vcxproj", "{77E3F2A5-8576-46A0-AF24-0AD0E1B38A6D}"
EndProject
Global
	GlobalSection(SolutionConfigurationPlatforms) = preSolution
		Debug|x64 = Debug|x64
		Debug|x86 = Debug|x86
		Release|x64 = Release|x64
		Release|x86 = Release|x86
	EndGlobalSection
	GlobalSection(ProjectConfigurationPlatforms) = postSolution
		{4D448ADE-1218-4583-AECE-DBF2BD0E95CF}.Debug|x64.ActiveCfg = Debug|x64
		{4D448ADE-1218-4583-AECE-DBF2BD0E95CF}.Debug|x64.Build.0 = Debug|x64
		{4D448ADE-1218-4583-AECE-DBF2BD0E95CF}.Debug|x86.ActiveCfg = Debug|Win32
		{4D448ADE-1218-4583-AECE-DBF2BD0E95CF}.Debug|x86.Build.0 = Debug|Win32
		{4D448ADE-1218-4583-AECE-DBF2BD0E95CF}.Release|x64.ActiveCfg = Release|x64
		{4D448ADE-1218-4583-AECE-DBF2BD0E95CF}.Release|x64.Build.0 = Release|x64
		{4D448ADE-1218-4583-AECE-DBF2BD0E95CF}.Release|x86.ActiveCfg = Release|Win32
		{4D448ADE-1218-4583-AECE-DBF2BD0E95CF}.Release|x86.Build.0 = Release|Win32
		{CCD18941-2C50-44FA-89A8-FCA42F78CDAC}.Debug|x64.ActiveCfg = Debug|x64
		{CCD18941-2C50-44FA-89A8-FCA42F78CDAC}.Debug|x64.Build.0 = Debug|x64
		{CCD18941-2C50-44FA-89A8-FCA42F78CDAC}.Debug|x86.ActiveCfg = Debug|Win32
		{CCD18941-2C50-44FA-89A8-FCA42F78CDAC}.Debug|x86.Build.0 = Debug|Win32
		{CCD18941-2C50-44FA-89A8-FCA42F78CDAC}.Release|x64.ActiveCfg = Release|x64
		{CCD18941-2C50-44FA-89A8-FCA42F78CDAC}.Release|x64.Build.0 = Release|x64
		{CCD18941-2C50-44FA-89A8-FCA42F78CDAC}.Release|x86.ActiveCfg = Release|Win32
		{CCD18941-2C50-44FA-89A8-FCA42F78CDAC}.Release|x86.Build.0 = Release|Win32
		{F1A9AB12-DA60-49EA-B326-89B7AA640D82}.Debug|x64.ActiveCfg = Debug|x64
		{F1A9AB12-DA60-49EA-B326-89B7AA640D82}.Debug|x64.Build.0 = Debug|x64
		{F1A9AB12-DA60-49EA-B326-89B7AA640D82}.Debug|x86.ActiveCfg = Debug|Win32
		{F1A9AB12-DA60-49EA-B326-89B7AA640D82}.Debug|x86.Build.0 = Debug|Win32
		{F1A9AB12-DA60-49EA-B326-89B7AA640D82}.Release|x64.ActiveCfg = Release|x64
		{F1A9AB12-DA60-49EA-B326-89B7AA640D82}.Release|x64.Build.0 = Release|x64
		{F1A9AB12-DA60-49EA-B326-89B7AA640D82}.Release|x86.ActiveCfg = Release|Win32
		{F1A9AB12-DA60-49EA-B326-89B7AA640D82}.Release|x86.Build.0 = Release|Win32
		{D6F9F1A6-1ED7-4104-8864-62D832FC0188}.Debug|x64.ActiveCfg = Debug|x64
		{D6F9F1A6-1ED7-4104-8864-62D832FC0188}.Debug|x64.Build.0 = Debug|x64
		{D6F9F1A6-1ED7-4104-8864-62D832FC0188}.Debug|x86.ActiveCfg = Debug|Win32
		{D6F9F1A6-1ED7-4104-8864-62D832FC0188}.Debug|x86.Build.0 = Debug|Win32
		{D6F9F1A6-1ED7-4104-8864-62D832FC0188}.Release|x64.ActiveCfg = Release|x64
		{D6F9F1A6-1ED7-4104-8864-62D832FC0188}.Release|x64.Build.0 = Release|x64
		{D6F9F1A6-1ED7-4104-8864-62D832FC0188}.Release|x86.ActiveCfg = Release|Win32
		{D6F9F1A6-1ED7-4104-8864-62D832FC0188}.Release|x86.Build.0 = Release|Win32
		{FF25EF19-AABC-41AD-9C04-D44E22AAB81A}.Debug|x64.ActiveCfg = Debug|x64
		{FF25EF19-AABC-41AD-9C04-D44E22AAB81A}.Debug|x64.Build.0 = Debug|x64
		{FF25EF19-AABC-41AD-9C04-D44E22AAB81A}.Debug|x86.ActiveCfg = Debug|Win32
		{FF25EF19-AABC-41AD-9C04-D44E22AAB81A}.Debug|x86.Build.0 = Debug|Win32
		{FF25EF19-AABC-41AD-9C04-D44E22AAB81A}.Release|x64.ActiveCfg = Release|x64
		{FF25EF19-AABC-41AD-9C04-D44E22AAB81A}.Release|x64.Build.0 = Release|x64
		{FF25EF19-AABC-41AD-9C04-D44E22AAB81A}.Release|x86.ActiveCfg = Release|Win32
		{FF25EF19-AABC-41AD-9C04-D44E22AAB81A}.Release|x86.Build.0 = Release|Win32
		{3A635FE3-4DF5-4DD6-9CDE-90FD080E3C0C}.Debug|x64.ActiveCfg = Debug|x64
		{3A635FE3-4DF5-4DD6-9CDE-90FD080E3C0C}.Debug|x64.Build.0 = Debug|x64
		{3A635FE3-4DF5-4DD6-9CDE-90FD080E3C0C}.Debug|x86.ActiveCfg = Debug|Win32
		{3A635FE3-4DF5-4DD6-9CDE-90FD080E3C0C}.Debug|x86.Build.0 = Debug|Win32
		{3A635FE3-4DF5-4DD6-9CDE-90FD080E3C0C}.Release|x64.ActiveCfg = Release|x64
		{3A635FE3-4DF5-4DD6-9CDE-90FD080E3C0C}.Release|x64.Build.0 = Release|x64
		{3A635FE3-4DF5-4DD6-9CDE-90FD080E3C0C}.Release|x86.ActiveCfg = Release|Win32
		{3A635FE3-4DF5-4DD6-9CDE-90FD080E3C0C}.Release|x86.Build.0 = Release|Win32
		{77E3F2A5-8576-46A0-AF24-0AD0E1B38A6D}.Debug|x64.ActiveCfg = Debug|x64
		{77E3F2A5-8576-46A0-AF24-0AD0E1B38A6D}.Debug|x64.Build.0 = Debug|x64
		{77E3F2A5-8576-46A0-AF24-0AD0E1B38A6D}.Debug|x86.ActiveCfg = Debug|Win32
		{77E3F2A5-8576-46A0-AF24-0AD0E1B38A6D}.Debug|x86.Build.0 = Debug|Win32
		{77E3F2A5-8576-46A0-AF24-0AD0E1B38A6D}.Release|x64.ActiveCfg = Release|x64
		{77E3F2A5-8576-46A0-AF24-0AD0E1B38A6D}.Release|x64.Build.0 = Release|x64
		{77E3F2A5-8576-46A0-AF24-0AD0E1B38A6D}.Release|x86.ActiveCfg = Release|Win32
		{77E3F2A5-8576-46A0-AF24-0AD0E1B38A6D}.Release|x86.Build.0 = Release|Win32
	EndGlobalSection
	GlobalSection(SolutionProperties) = preSolution
		HideSolutionNode = FALSE
	EndGlobalSection
EndGlobal
