<?xml version="1.0" encoding="utf-8"?>
<Project ToolsVersion="4.0" xmlns="http://schemas.microsoft.com/developer/msbuild/2003">
  <ItemGroup>
    <Filter Include="Source Files">
      <UniqueIdentifier>{4FC737F1-C7A5-4376-A066-2A32D752A2FF}</UniqueIdentifier>
      <Extensions>cpp;c;cc;cxx;c++;cppm;ixx;def;odl;idl;hpj;bat;asm;asmx</Extensions>
    </Filter>
    <Filter Include="Header Files">
      <UniqueIdentifier>{93995380-89BD-4b04-88EB-625FBE52EBFB}</UniqueIdentifier>
      <Extensions>h;hh;hpp;hxx;h++;hm;inl;inc;ipp;xsd</Extensions>
    </Filter>
    <Filter Include="Resource Files">
      <UniqueIdentifier>{67DA6AB6-F800-4c08-8B7A-83BB121AAD01}</UniqueIdentifier>
      <Extensions>rc;ico;cur;bmp;dlg;rc2;rct;bin;rgs;gif;jpg;jpeg;jpe;resx;tiff;tif;png;wav;mfcribbon-ms</Extensions>
    </Filter>
    <Filter Include="Data">
      <UniqueIdentifier>{4602b2d0-67cc-4070-a329-41f2c1943f4f}</UniqueIdentifier>
    </Filter>
  </ItemGroup>
  <ItemGroup>
    <ClCompile Include="Program.cpp">
      <Filter>Source Files</Filter>
    </ClCompile>
    <ClCompile Include="Advent_of_Code_2024_No_10.cpp">
      <Filter>Source Files</Filter>
    </ClCompile>
    <ClCompile Include="Advent_of_Code_2024_No_11.cpp">
      <Filter>Source Files</Filter>
    </ClCompile>
    <ClCompile Include="ScopedTimer_GettingStarted.cpp">
      <Filter>Source Files</Filter>
    </ClCompile>
    <ClCompile Include="ScopedTimer_StdStringView_vs_StdString.cpp">
      <Filter>Source Files</Filter>
    </ClCompile>
    <ClCompile Include="ScopedTimer_Folding2.cpp">
      <Filter>Source Files</Filter>
    </ClCompile>
    <ClCompile Include="ScopedTimer_Lambda_vs_Std_Function.cpp">
      <Filter>Source Files</Filter>
    </ClCompile>
    <ClCompile Include="ScopedTimer_STL_Containers_Populating.cpp">
      <Filter>Source Files</Filter>
    </ClCompile>
    <ClCompile Include="ScopedTimer_STL_Containers_Accessing.cpp">
      <Filter>Source Files</Filter>
    </ClCompile>
    <ClCompile Include="ScopedTimer_StdArray_Constant_Initialization.cpp">
      <Filter>Source Files</Filter>
    </ClCompile>
    <ClCompile Include="Statistics_Firstnames_01.cpp">
      <Filter>Source Files</Filter>
    </ClCompile>
    <ClCompile Include="Statistics_Firstnames_02.cpp">
      <Filter>Source Files</Filter>
    </ClCompile>
    <ClCompile Include="Statistics_Firstnames_03.cpp">
      <Filter>Source Files</Filter>
    </ClCompile>
    <ClCompile Include="ScopedTimer_Folding.cpp">
      <Filter>Source Files</Filter>
    </ClCompile>
  </ItemGroup>
  <ItemGroup>
    <None Include="Readme_Benchmarking.md">
      <Filter>Resource Files</Filter>
    </None>
    <None Include="Readme_Profiling.md">
      <Filter>Resource Files</Filter>
    </None>
  </ItemGroup>
  <ItemGroup>
    <Image Include="Quick_Cpp_Benchmark_String_Comparison_No_SSO.png">
      <Filter>Resource Files</Filter>
    </Image>
    <Image Include="Quick_Cpp_Benchmark_String_Comparison_SSO.png">
      <Filter>Resource Files</Filter>
    </Image>
    <Image Include="Quick_Cpp_Benchmark_StdVector.png">
      <Filter>Resource Files</Filter>
    </Image>
    <Image Include="Profiling_01.png">
      <Filter>Resource Files</Filter>
    </Image>
    <Image Include="Profiling_02.png">
      <Filter>Resource Files</Filter>
    </Image>
    <Image Include="Profiling_03.png">
      <Filter>Resource Files</Filter>
    </Image>
    <Image Include="AdventOfCode.png">
      <Filter>Resource Files</Filter>
    </Image>
    <Image Include="Window_Diagnostic_Tools.png">
      <Filter>Resource Files</Filter>
    </Image>
    <Image Include="Instrumentation_01.png">
      <Filter>Resource Files</Filter>
    </Image>
    <Image Include="Instrumentation_02.png">
      <Filter>Resource Files</Filter>
    </Image>
    <Image Include="Instrumentation_03.png">
      <Filter>Resource Files</Filter>
    </Image>
  </ItemGroup>
  <ItemGroup>
    <Text Include="Data\Puzzle10_RealData.txt">
      <Filter>Data</Filter>
    </Text>
    <Text Include="Data\Puzzle10_TestData.txt">
      <Filter>Data</Filter>
    </Text>
    <Text Include="Data\Puzzle11_RealData.txt">
      <Filter>Data</Filter>
    </Text>
    <Text Include="Data\Puzzle11_TestData.txt">
      <Filter>Data</Filter>
    </Text>
    <Text Include="Benchmarking_StdVector_Constant_Initialization.txt">
      <Filter>Source Files</Filter>
    </Text>
    <Text Include="Benchmarking_StdArray_Constant_Initialization.txt">
      <Filter>Source Files</Filter>
    </Text>
    <Text Include="Benchmarking_StdVector_Reserve.txt">
      <Filter>Source Files</Filter>
    </Text>
    <Text Include="Benchmarking_StdStringView_vs_StdString.txt">
      <Filter>Source Files</Filter>
    </Text>
    <Text Include="Benchmarking_GettingStarted.txt">
      <Filter>Source Files</Filter>
    </Text>
    <Text Include="Benchmarking_Folding2.txt">
      <Filter>Source Files</Filter>
    </Text>
    <Text Include="Benchmarking_StdUninitializedCopy_Demo.txt">
      <Filter>Source Files</Filter>
    </Text>
    <Text Include="Benchmarking_Lambda_vs_Std_Function.txt">
      <Filter>Source Files</Filter>
    </Text>
    <Text Include="Benchmarking_STL_Containers_Populating.txt">
      <Filter>Source Files</Filter>
    </Text>
    <Text Include="Benchmarking_STL_Containers_Accessing.txt">
      <Filter>Source Files</Filter>
    </Text>
    <Text Include="Benchmarking_Placement_New.txt">
      <Filter>Source Files</Filter>
    </Text>
    <Text Include="Names_Long.txt">
      <Filter>Resource Files</Filter>
    </Text>
    <Text Include="Names_Short.txt">
      <Filter>Resource Files</Filter>
    </Text>
    <Text Include="Benchmarking_Folding.txt">
      <Filter>Source Files</Filter>
    </Text>
  </ItemGroup>
</Project>