<?xml version="1.0" encoding="utf-8"?>
<Project ToolsVersion="4.0" xmlns="http://schemas.microsoft.com/developer/msbuild/2003">
  <ItemGroup>
    <Filter Include="Source Files">
      <UniqueIdentifier>{4FC737F1-C7A5-4376-A066-2A32D752A2FF}</UniqueIdentifier>
      <Extensions>cpp;c;cc;cxx;c++;cppm;ixx;def;odl;idl;hpj;bat;asm;asmx</Extensions>
    </Filter>
    <Filter Include="Header Files">
      <UniqueIdentifier>{93995380-89BD-4b04-88EB-625FBE52EBFB}</UniqueIdentifier>
      <Extensions>h;hh;hpp;hxx;h++;hm;inl;inc;ipp;xsd</Extensions>
    </Filter>
    <Filter Include="Resource Files">
      <UniqueIdentifier>{67DA6AB6-F800-4c08-8B7A-83BB121AAD01}</UniqueIdentifier>
      <Extensions>rc;ico;cur;bmp;dlg;rc2;rct;bin;rgs;gif;jpg;jpeg;jpe;resx;tiff;tif;png;wav;mfcribbon-ms</Extensions>
    </Filter>
  </ItemGroup>
  <ItemGroup>
    <ClCompile Include="Program.cpp">
      <Filter>Source Files</Filter>
    </ClCompile>
    <ClCompile Include="_Arena.cpp">
      <Filter>Source Files</Filter>
    </ClCompile>
    <ClCompile Include="Arena.h">
      <Filter>Header Files</Filter>
    </ClCompile>
    <ClCompile Include="MemoryManagement_LowLevelSTLAlgorithms.cpp">
      <Filter>Source Files</Filter>
    </ClCompile>
    <ClCompile Include="MemoryManagement_Cache.cpp">
      <Filter>Source Files</Filter>
    </ClCompile>
    <ClCompile Include="MemoryManagement_Stack.cpp">
      <Filter>Source Files</Filter>
    </ClCompile>
    <ClCompile Include="MemoryManagement_Heap.cpp">
      <Filter>Source Files</Filter>
    </ClCompile>
    <ClCompile Include="MemoryManagement_Alignment_Padding.cpp">
      <Filter>Source Files</Filter>
    </ClCompile>
    <ClCompile Include="MemoryManagement_Placement_New.cpp">
      <Filter>Source Files</Filter>
    </ClCompile>
    <ClCompile Include="MemoryManagement_False_Sharing.cpp">
      <Filter>Source Files</Filter>
    </ClCompile>
  </ItemGroup>
  <ItemGroup>
    <None Include="Readme_MemoryManagement.md">
      <Filter>Resource Files</Filter>
    </None>
    <None Include="Cpp_Examine_Stack.svg">
      <Filter>Resource Files</Filter>
    </None>
    <None Include="Readme_MemoryManagement_Cache.md">
      <Filter>Resource Files</Filter>
    </None>
    <None Include="cpp_l1_l2_l3_cache.svg">
      <Filter>Resource Files</Filter>
    </None>
    <None Include="False_Sharing_Example_01.svg">
      <Filter>Resource Files</Filter>
    </None>
    <None Include="False_Sharing_Example_02.svg">
      <Filter>Resource Files</Filter>
    </None>
    <None Include="False_Sharing_Example_03.svg">
      <Filter>Resource Files</Filter>
    </None>
    <None Include="Readme_MemoryManagement_Heap.md">
      <Filter>Resource Files</Filter>
    </None>
    <None Include="Readme_MemoryManagement_Stack.md">
      <Filter>Resource Files</Filter>
    </None>
    <None Include="Readme_MemoryManagement_Alignment_Padding.md">
      <Filter>Resource Files</Filter>
    </None>
    <None Include="Readme_MemoryManagement_Placement_New.md">
      <Filter>Resource Files</Filter>
    </None>
    <None Include="Readme_MemoryManagement_LowLevelSTLAlgorithms.md">
      <Filter>Resource Files</Filter>
    </None>
    <None Include="Readme_MemoryManagement_False_Sharing.md">
      <Filter>Resource Files</Filter>
    </None>
  </ItemGroup>
  <ItemGroup>
    <Image Include="Debug_vs_Release_Mode.png">
      <Filter>Resource Files</Filter>
    </Image>
    <Image Include="MemoryWindow.png">
      <Filter>Resource Files</Filter>
    </Image>
    <Image Include="Memory_Padding_01.png">
      <Filter>Resource Files</Filter>
    </Image>
    <Image Include="Memory_Padding_02.png">
      <Filter>Resource Files</Filter>
    </Image>
    <Image Include="L1_L2_L3_Cache.png">
      <Filter>Resource Files</Filter>
    </Image>
  </ItemGroup>
</Project>